# This file is automatically @generated by Cargo.
# It is not intended for manual editing.
[[package]]
name = "anyhow"
version = "1.0.37"
source = "registry+https://github.com/rust-lang/crates.io-index"
checksum = "ee67c11feeac938fae061b232e38e0b6d94f97a9df10e6271319325ac4c56a86"

[[package]]
name = "autocfg"
version = "1.0.1"
source = "registry+https://github.com/rust-lang/crates.io-index"
checksum = "cdb031dd78e28731d87d56cc8ffef4a8f36ca26c38fe2de700543e627f8a464a"

[[package]]
name = "currency_utils"
version = "0.1.0"
dependencies = [
 "anyhow",
 "rust_decimal",
 "rust_decimal_macros",
 "rusty-money 0.4.0",
 "thiserror",
]

[[package]]
name = "finsim"
version = "0.1.0"

[[package]]
name = "lazy_static"
version = "1.4.0"
source = "registry+https://github.com/rust-lang/crates.io-index"
checksum = "e2abad23fbc42b3700f2f279844dc832adb2b2eb069b2df918f455c4e18cc646"

[[package]]
name = "maplit"
version = "1.0.2"
source = "registry+https://github.com/rust-lang/crates.io-index"
checksum = "3e2e65a1a2e43cfcb47a895c4c8b10d1f4a61097f9f254f183aee60cad9c651d"

[[package]]
name = "num-traits"
version = "0.2.14"
source = "registry+https://github.com/rust-lang/crates.io-index"
checksum = "9a64b1ec5cda2586e284722486d802acf1f7dbdc623e2bfc57e65ca1cd099290"
dependencies = [
 "autocfg",
]

[[package]]
name = "proc-macro2"
version = "1.0.24"
source = "registry+https://github.com/rust-lang/crates.io-index"
checksum = "1e0704ee1a7e00d7bb417d0770ea303c1bccbabf0ef1667dae92b5967f5f8a71"
dependencies = [
 "unicode-xid",
]

[[package]]
name = "quote"
version = "1.0.8"
source = "registry+https://github.com/rust-lang/crates.io-index"
checksum = "991431c3519a3f36861882da93630ce66b52918dcf1b8e2fd66b397fc96f28df"
dependencies = [
 "proc-macro2",
]

[[package]]
name = "registered_accounts"
version = "0.1.0"

[[package]]
name = "rust_decimal"
version = "1.9.0"
source = "registry+https://github.com/rust-lang/crates.io-index"
checksum = "a5c739ba050709eae138f053356d27ff818d71fe54ce5a8d9f4c7a660bfb6684"
dependencies = [
 "num-traits",
 "serde",
]

[[package]]
name = "rust_decimal_macros"
version = "1.9.0"
source = "registry+https://github.com/rust-lang/crates.io-index"
checksum = "0df1b05015b9da4be40f1ac8b6755b9fdb48814c70184018b4f7923891e0845f"
dependencies = [
 "quote",
 "rust_decimal",
]

[[package]]
name = "rusty-money"
version = "0.3.6"
source = "registry+https://github.com/rust-lang/crates.io-index"
checksum = "94d1465869b5a28ff9e1f700555053419efea6d064c6db01a7ed86a3616a04d2"
dependencies = [
 "lazy_static",
 "rust_decimal",
 "rust_decimal_macros",
]

[[package]]
name = "rusty-money"
version = "0.4.0"
source = "git+https://github.com/RestitutorOrbis/rusty_money?branch=javed.add-lifetime-to-get-rate-return-type#d6e6c5f75ec9545b61aed4275217a896d925ca32"
dependencies = [
 "rust_decimal",
 "rust_decimal_macros",
]

[[package]]
name = "serde"
version = "1.0.118"
source = "registry+https://github.com/rust-lang/crates.io-index"
checksum = "06c64263859d87aa2eb554587e2d23183398d617427327cf2b3d0ed8c69e4800"

[[package]]
name = "syn"
version = "1.0.58"
source = "registry+https://github.com/rust-lang/crates.io-index"
checksum = "cc60a3d73ea6594cd712d830cc1f0390fd71542d8c8cd24e70cc54cdfd5e05d5"
dependencies = [
 "proc-macro2",
 "quote",
 "unicode-xid",
]

[[package]]
name = "taxes"
version = "0.1.0"
dependencies = [
 "maplit",
 "rust_decimal",
 "rusty-money 0.3.6",
]

[[package]]
name = "thiserror"
version = "1.0.23"
source = "registry+https://github.com/rust-lang/crates.io-index"
checksum = "76cc616c6abf8c8928e2fdcc0dbfab37175edd8fb49a4641066ad1364fdab146"
dependencies = [
 "thiserror-impl",
]

[[package]]
name = "thiserror-impl"
version = "1.0.23"
source = "registry+https://github.com/rust-lang/crates.io-index"
checksum = "9be73a2caec27583d0046ef3796c3794f868a5bc813db689eed00c7631275cd1"
dependencies = [
 "proc-macro2",
 "quote",
 "syn",
]

[[package]]
name = "unicode-xid"
version = "0.2.1"
source = "registry+https://github.com/rust-lang/crates.io-index"
checksum = "f7fe0bb3479651439c9112f72b6c505038574c9fbb575ed1bf3b797fa39dd564"
