# This file is automatically @generated by Cargo.
# It is not intended for manual editing.
[[package]]
name = "anyhow"
version = "1.0.38"
source = "registry+https://github.com/rust-lang/crates.io-index"
checksum = "afddf7f520a80dbf76e6f50a35bca42a2331ef227a28b3b6dc5c2e2338d114b1"

[[package]]
name = "arrayvec"
version = "0.5.2"
source = "registry+https://github.com/rust-lang/crates.io-index"
checksum = "23b62fc65de8e4e7f52534fb52b0f3ed04746ae267519eef2a83941e8085068b"

[[package]]
name = "autocfg"
version = "1.0.1"
source = "registry+https://github.com/rust-lang/crates.io-index"
checksum = "cdb031dd78e28731d87d56cc8ffef4a8f36ca26c38fe2de700543e627f8a464a"

[[package]]
name = "currency_utils"
version = "0.1.0"
dependencies = [
 "anyhow",
 "rust_decimal",
 "rust_decimal_macros",
 "rusty-money",
 "thiserror",
]

[[package]]
name = "finsim"
version = "0.1.0"

[[package]]
name = "maplit"
version = "1.0.2"
source = "registry+https://github.com/rust-lang/crates.io-index"
checksum = "3e2e65a1a2e43cfcb47a895c4c8b10d1f4a61097f9f254f183aee60cad9c651d"

[[package]]
name = "num-traits"
version = "0.2.14"
source = "registry+https://github.com/rust-lang/crates.io-index"
checksum = "9a64b1ec5cda2586e284722486d802acf1f7dbdc623e2bfc57e65ca1cd099290"
dependencies = [
 "autocfg",
]

[[package]]
name = "proc-macro2"
version = "1.0.24"
source = "registry+https://github.com/rust-lang/crates.io-index"
checksum = "1e0704ee1a7e00d7bb417d0770ea303c1bccbabf0ef1667dae92b5967f5f8a71"
dependencies = [
 "unicode-xid",
]

[[package]]
name = "quote"
version = "1.0.8"
source = "registry+https://github.com/rust-lang/crates.io-index"
checksum = "991431c3519a3f36861882da93630ce66b52918dcf1b8e2fd66b397fc96f28df"
dependencies = [
 "proc-macro2",
]

[[package]]
name = "registered_accounts"
version = "0.1.0"

[[package]]
name = "rust_decimal"
version = "1.10.1"
source = "registry+https://github.com/rust-lang/crates.io-index"
checksum = "04d1fde955d206c00af1eb529d8ebfca3b505921820a0436566dbcc6c4d4ffb3"
dependencies = [
 "arrayvec",
 "num-traits",
 "serde",
]

[[package]]
name = "rust_decimal_macros"
version = "1.10.1"
source = "registry+https://github.com/rust-lang/crates.io-index"
checksum = "23ef86ba9162ebad914872c1162ce0845a490213ff3f2bf97193f815b5330c4d"
dependencies = [
 "quote",
 "rust_decimal",
]

[[package]]
name = "rusty-money"
version = "0.4.0"
source = "git+https://github.com/RestitutorOrbis/rusty_money?branch=javed.account-for-reverse#1635758cd81dba3be7c88d6a3c028964d4e31472"
dependencies = [
 "rust_decimal",
 "rust_decimal_macros",
]

[[package]]
name = "serde"
version = "1.0.121"
source = "registry+https://github.com/rust-lang/crates.io-index"
checksum = "6159e3c76cab06f6bc466244d43b35e77e9500cd685da87620addadc2a4c40b1"

[[package]]
name = "simple_money"
version = "0.1.0"
dependencies = [
 "rust_decimal",
 "rust_decimal_macros",
 "thiserror",
]

[[package]]
name = "syn"
version = "1.0.59"
source = "registry+https://github.com/rust-lang/crates.io-index"
checksum = "07cb8b1b4ebf86a89ee88cbd201b022b94138c623644d035185c84d3f41b7e66"
dependencies = [
 "proc-macro2",
 "quote",
 "unicode-xid",
]

[[package]]
name = "taxes"
version = "0.1.0"
dependencies = [
 "currency_utils",
 "maplit",
 "rust_decimal",
 "rusty-money",
]

[[package]]
name = "thiserror"
version = "1.0.23"
source = "registry+https://github.com/rust-lang/crates.io-index"
checksum = "76cc616c6abf8c8928e2fdcc0dbfab37175edd8fb49a4641066ad1364fdab146"
dependencies = [
 "thiserror-impl",
]

[[package]]
name = "thiserror-impl"
version = "1.0.23"
source = "registry+https://github.com/rust-lang/crates.io-index"
checksum = "9be73a2caec27583d0046ef3796c3794f868a5bc813db689eed00c7631275cd1"
dependencies = [
 "proc-macro2",
 "quote",
 "syn",
]

[[package]]
name = "unicode-xid"
version = "0.2.1"
source = "registry+https://github.com/rust-lang/crates.io-index"
checksum = "f7fe0bb3479651439c9112f72b6c505038574c9fbb575ed1bf3b797fa39dd564"
